
Microsoft Visual Studio Solution File, Format Version 12.00
Project("{FAE04EC0-301F-11D3-BF4B-00C04F79EFBC}") = "BabyJubNet", "BabyJubNet\BabyJubNet.csproj", "{AD68651A-CCB7-419F-B8B6-4FB118D964F9}"
EndProject
Project("{FAE04EC0-301F-11D3-BF4B-00C04F79EFBC}") = "BabyJubNet.Test", "BabyJubNet.Test\BabyJubNet.Test.csproj", "{AF51C41F-3678-480F-888F-1BB0836FE3EA}"
EndProject
Project("{FAE04EC0-301F-11D3-BF4B-00C04F79EFBC}") = "BlakeSharp", "BlakeSharp\BlakeSharp.csproj", "{C123A7BE-5066-46F8-A8EA-2B38E9237989}"
EndProject
Global
	GlobalSection(SolutionConfigurationPlatforms) = preSolution
		Debug|Any CPU = Debug|Any CPU
		Release|Any CPU = Release|Any CPU
	EndGlobalSection
	GlobalSection(ProjectConfigurationPlatforms) = postSolution
		{AD68651A-CCB7-419F-B8B6-4FB118D964F9}.Debug|Any CPU.ActiveCfg = Debug|Any CPU
		{AD68651A-CCB7-419F-B8B6-4FB118D964F9}.Debug|Any CPU.Build.0 = Debug|Any CPU
		{AD68651A-CCB7-419F-B8B6-4FB118D964F9}.Release|Any CPU.ActiveCfg = Release|Any CPU
		{AD68651A-CCB7-419F-B8B6-4FB118D964F9}.Release|Any CPU.Build.0 = Release|Any CPU
		{AF51C41F-3678-480F-888F-1BB0836FE3EA}.Debug|Any CPU.ActiveCfg = Debug|Any CPU
		{AF51C41F-3678-480F-888F-1BB0836FE3EA}.Debug|Any CPU.Build.0 = Debug|Any CPU
		{AF51C41F-3678-480F-888F-1BB0836FE3EA}.Release|Any CPU.ActiveCfg = Release|Any CPU
		{AF51C41F-3678-480F-888F-1BB0836FE3EA}.Release|Any CPU.Build.0 = Release|Any CPU
		{C123A7BE-5066-46F8-A8EA-2B38E9237989}.Debug|Any CPU.ActiveCfg = Debug|Any CPU
		{C123A7BE-5066-46F8-A8EA-2B38E9237989}.Debug|Any CPU.Build.0 = Debug|Any CPU
		{C123A7BE-5066-46F8-A8EA-2B38E9237989}.Release|Any CPU.ActiveCfg = Release|Any CPU
		{C123A7BE-5066-46F8-A8EA-2B38E9237989}.Release|Any CPU.Build.0 = Release|Any CPU
	EndGlobalSection
EndGlobal
